# THIS IS AN AUTOGENERATED FILE. DO NOT EDIT THIS FILE DIRECTLY.
# yarn lockfile v1


hdr-process-data@^1.0.10-beta:
  version "1.0.10-beta"
  resolved "https://registry.yarnpkg.com/hdr-process-data/-/hdr-process-data-1.0.10-beta.tgz#1e99cd387dc886ca00bca4c19b6162c209165863"
  integrity sha512-rpFvxUj5rU/k7yi1vzxqxc3KTcpiWsfrdfQmh3JS5uM+wHP+3J2WZT5pO8OGERIDm3Q/UtcULUUDMJpc4WiH1g==
