# THIS IS AN AUTOGENERATED FILE. DO NOT EDIT THIS FILE DIRECTLY.
# yarn lockfile v1


hdr-process-data@^1.0.0-beta:
  version "1.0.0-beta"
  resolved "https://registry.yarnpkg.com/hdr-process-data/-/hdr-process-data-1.0.0-beta.tgz#168abe7951ee1d2bc8f178f367faea1f751addde"
  integrity sha512-ByefaRHokkntbDVNHt6Z8po81MDXmR1DUQ5zz7aftRjGkrRUgcmVt6PWF+zEANkeSWvGxVsSTSnKCWSsDj5AmQ==
